
Microsoft Visual Studio Solution File, Format Version 12.00
# Visual Studio Version 16
VisualStudioVersion = 16.0.30804.86
MinimumVisualStudioVersion = 10.0.40219.1
Project("{FAE04EC0-301F-11D3-BF4B-00C04F79EFBC}") = "Zodiark", "Zodiark\Zodiark.csproj", "{557339F5-A4F3-42A9-BD77-8736279BFA33}"
EndProject
Project("{FAE04EC0-301F-11D3-BF4B-00C04F79EFBC}") = "Zodiark.Test", "Zodiark.Test\Zodiark.Test.csproj", "{76194E69-7D3B-4532-8174-6EDEF8705CE4}"
EndProject
Global
	GlobalSection(SolutionConfigurationPlatforms) = preSolution
		Debug|Any CPU = Debug|Any CPU
		Release|Any CPU = Release|Any CPU
	EndGlobalSection
	GlobalSection(ProjectConfigurationPlatforms) = postSolution
		{557339F5-A4F3-42A9-BD77-8736279BFA33}.Debug|Any CPU.ActiveCfg = Debug|Any CPU
		{557339F5-A4F3-42A9-BD77-8736279BFA33}.Debug|Any CPU.Build.0 = Debug|Any CPU
		{557339F5-A4F3-42A9-BD77-8736279BFA33}.Release|Any CPU.ActiveCfg = Release|Any CPU
		{557339F5-A4F3-42A9-BD77-8736279BFA33}.Release|Any CPU.Build.0 = Release|Any CPU
		{76194E69-7D3B-4532-8174-6EDEF8705CE4}.Debug|Any CPU.ActiveCfg = Debug|Any CPU
		{76194E69-7D3B-4532-8174-6EDEF8705CE4}.Debug|Any CPU.Build.0 = Debug|Any CPU
		{76194E69-7D3B-4532-8174-6EDEF8705CE4}.Release|Any CPU.ActiveCfg = Release|Any CPU
		{76194E69-7D3B-4532-8174-6EDEF8705CE4}.Release|Any CPU.Build.0 = Release|Any CPU
	EndGlobalSection
	GlobalSection(SolutionProperties) = preSolution
		HideSolutionNode = FALSE
	EndGlobalSection
	GlobalSection(ExtensibilityGlobals) = postSolution
		SolutionGuid = {D7C5305A-592F-445E-8942-A97FBB17F1B7}
	EndGlobalSection
EndGlobal
